
Microsoft Visual Studio Solution File, Format Version 12.00
# Visual Studio Version 16
VisualStudioVersion = 16.0.29306.81
MinimumVisualStudioVersion = 10.0.40219.1
Project("{8BC9CEB8-8B4A-11D0-8D11-00A0C91BC942}") = "Project1", "Project1\Project1.vcxproj", "{BB966EE2-5533-485F-9124-CD9B344ABA9F}"
	ProjectSection(ProjectDependencies) = postProject
		{A2E45004-FC7F-4EE5-AB31-3DD4C0FB1205} = {A2E45004-FC7F-4EE5-AB31-3DD4C0FB1205}
		{2A57352A-D4B0-42A7-824C-70FDBEB1CDF2} = {2A57352A-D4B0-42A7-824C-70FDBEB1CDF2}
	EndProjectSection
EndProject
Project("{2150E333-8FDC-42A3-9474-1A3956D46DE8}") = "Reference", "Reference", "{17E70C4B-D258-4641-8C3C-3EC5A9BAA98B}"
EndProject
Project("{8BC9CEB8-8B4A-11D0-8D11-00A0C91BC942}") = "KeyboardEvent", "..\..\..\client+server+select+kbhit\NetworkExamples\KeyboardEvent\KeyboardEvent.vcxproj", "{D190030B-20C9-4B47-8F7F-19F50852E302}"
EndProject
Project("{8BC9CEB8-8B4A-11D0-8D11-00A0C91BC942}") = "SelectExample", "..\..\..\client+server+select+kbhit\NetworkExamples\SelectExample\SelectExample.vcxproj", "{59BB7DE8-44E8-440E-B215-11429D400AD2}"
EndProject
Project("{8BC9CEB8-8B4A-11D0-8D11-00A0C91BC942}") = "Sockets", "Sockets\Sockets.vcxproj", "{C1D84059-EFF1-4BEC-A78D-A004A588D329}"
EndProject
Project("{8BC9CEB8-8B4A-11D0-8D11-00A0C91BC942}") = "server", "server\server.vcxproj", "{2A57352A-D4B0-42A7-824C-70FDBEB1CDF2}"
	ProjectSection(ProjectDependencies) = postProject
		{C1D84059-EFF1-4BEC-A78D-A004A588D329} = {C1D84059-EFF1-4BEC-A78D-A004A588D329}
		{3ACC338B-D6EF-4CEE-A229-59873B18B44B} = {3ACC338B-D6EF-4CEE-A229-59873B18B44B}
	EndProjectSection
EndProject
Project("{8BC9CEB8-8B4A-11D0-8D11-00A0C91BC942}") = "client", "client\client.vcxproj", "{A2E45004-FC7F-4EE5-AB31-3DD4C0FB1205}"
	ProjectSection(ProjectDependencies) = postProject
		{C1D84059-EFF1-4BEC-A78D-A004A588D329} = {C1D84059-EFF1-4BEC-A78D-A004A588D329}
		{3ACC338B-D6EF-4CEE-A229-59873B18B44B} = {3ACC338B-D6EF-4CEE-A229-59873B18B44B}
	EndProjectSection
EndProject
Project("{8BC9CEB8-8B4A-11D0-8D11-00A0C91BC942}") = "Chat", "Chat\Chat.vcxproj", "{3ACC338B-D6EF-4CEE-A229-59873B18B44B}"
EndProject
Project("{8BC9CEB8-8B4A-11D0-8D11-00A0C91BC942}") = "ClientExample", "..\..\..\client+server+select+kbhit (1)\NetworkExamples\ClientExample\ClientExample.vcxproj", "{CBC619AA-65A3-4CAD-859A-ED370D466023}"
EndProject
Project("{8BC9CEB8-8B4A-11D0-8D11-00A0C91BC942}") = "ServerExample", "..\..\..\client+server+select+kbhit (1)\NetworkExamples\ServerExample\ServerExample.vcxproj", "{CA9391CC-83C3-4DD0-9EB8-F4D1AFE9BDCF}"
EndProject
Project("{2150E333-8FDC-42A3-9474-1A3956D46DE8}") = "Solution Items", "Solution Items", "{34759497-5BEC-4B4D-B72B-7C69FDF9CC1B}"
	ProjectSection(SolutionItems) = preProject
		Readme.txt = Readme.txt
	EndProjectSection
EndProject
Global
	GlobalSection(SolutionConfigurationPlatforms) = preSolution
		Debug|x64 = Debug|x64
		Debug|x86 = Debug|x86
		Release|x64 = Release|x64
		Release|x86 = Release|x86
	EndGlobalSection
	GlobalSection(ProjectConfigurationPlatforms) = postSolution
		{BB966EE2-5533-485F-9124-CD9B344ABA9F}.Debug|x64.ActiveCfg = Debug|x64
		{BB966EE2-5533-485F-9124-CD9B344ABA9F}.Debug|x64.Build.0 = Debug|x64
		{BB966EE2-5533-485F-9124-CD9B344ABA9F}.Debug|x86.ActiveCfg = Debug|Win32
		{BB966EE2-5533-485F-9124-CD9B344ABA9F}.Debug|x86.Build.0 = Debug|Win32
		{BB966EE2-5533-485F-9124-CD9B344ABA9F}.Release|x64.ActiveCfg = Release|x64
		{BB966EE2-5533-485F-9124-CD9B344ABA9F}.Release|x64.Build.0 = Release|x64
		{BB966EE2-5533-485F-9124-CD9B344ABA9F}.Release|x86.ActiveCfg = Release|Win32
		{BB966EE2-5533-485F-9124-CD9B344ABA9F}.Release|x86.Build.0 = Release|Win32
		{D190030B-20C9-4B47-8F7F-19F50852E302}.Debug|x64.ActiveCfg = Debug|x64
		{D190030B-20C9-4B47-8F7F-19F50852E302}.Debug|x64.Build.0 = Debug|x64
		{D190030B-20C9-4B47-8F7F-19F50852E302}.Debug|x86.ActiveCfg = Debug|Win32
		{D190030B-20C9-4B47-8F7F-19F50852E302}.Debug|x86.Build.0 = Debug|Win32
		{D190030B-20C9-4B47-8F7F-19F50852E302}.Release|x64.ActiveCfg = Release|x64
		{D190030B-20C9-4B47-8F7F-19F50852E302}.Release|x64.Build.0 = Release|x64
		{D190030B-20C9-4B47-8F7F-19F50852E302}.Release|x86.ActiveCfg = Release|Win32
		{D190030B-20C9-4B47-8F7F-19F50852E302}.Release|x86.Build.0 = Release|Win32
		{59BB7DE8-44E8-440E-B215-11429D400AD2}.Debug|x64.ActiveCfg = Debug|x64
		{59BB7DE8-44E8-440E-B215-11429D400AD2}.Debug|x64.Build.0 = Debug|x64
		{59BB7DE8-44E8-440E-B215-11429D400AD2}.Debug|x86.ActiveCfg = Debug|Win32
		{59BB7DE8-44E8-440E-B215-11429D400AD2}.Debug|x86.Build.0 = Debug|Win32
		{59BB7DE8-44E8-440E-B215-11429D400AD2}.Release|x64.ActiveCfg = Release|x64
		{59BB7DE8-44E8-440E-B215-11429D400AD2}.Release|x64.Build.0 = Release|x64
		{59BB7DE8-44E8-440E-B215-11429D400AD2}.Release|x86.ActiveCfg = Release|Win32
		{59BB7DE8-44E8-440E-B215-11429D400AD2}.Release|x86.Build.0 = Release|Win32
		{C1D84059-EFF1-4BEC-A78D-A004A588D329}.Debug|x64.ActiveCfg = Debug|x64
		{C1D84059-EFF1-4BEC-A78D-A004A588D329}.Debug|x64.Build.0 = Debug|x64
		{C1D84059-EFF1-4BEC-A78D-A004A588D329}.Debug|x86.ActiveCfg = Debug|Win32
		{C1D84059-EFF1-4BEC-A78D-A004A588D329}.Debug|x86.Build.0 = Debug|Win32
		{C1D84059-EFF1-4BEC-A78D-A004A588D329}.Release|x64.ActiveCfg = Release|x64
		{C1D84059-EFF1-4BEC-A78D-A004A588D329}.Release|x64.Build.0 = Release|x64
		{C1D84059-EFF1-4BEC-A78D-A004A588D329}.Release|x86.ActiveCfg = Release|Win32
		{C1D84059-EFF1-4BEC-A78D-A004A588D329}.Release|x86.Build.0 = Release|Win32
		{2A57352A-D4B0-42A7-824C-70FDBEB1CDF2}.Debug|x64.ActiveCfg = Debug|x64
		{2A57352A-D4B0-42A7-824C-70FDBEB1CDF2}.Debug|x64.Build.0 = Debug|x64
		{2A57352A-D4B0-42A7-824C-70FDBEB1CDF2}.Debug|x86.ActiveCfg = Debug|Win32
		{2A57352A-D4B0-42A7-824C-70FDBEB1CDF2}.Debug|x86.Build.0 = Debug|Win32
		{2A57352A-D4B0-42A7-824C-70FDBEB1CDF2}.Release|x64.ActiveCfg = Release|x64
		{2A57352A-D4B0-42A7-824C-70FDBEB1CDF2}.Release|x64.Build.0 = Release|x64
		{2A57352A-D4B0-42A7-824C-70FDBEB1CDF2}.Release|x86.ActiveCfg = Release|Win32
		{2A57352A-D4B0-42A7-824C-70FDBEB1CDF2}.Release|x86.Build.0 = Release|Win32
		{A2E45004-FC7F-4EE5-AB31-3DD4C0FB1205}.Debug|x64.ActiveCfg = Debug|x64
		{A2E45004-FC7F-4EE5-AB31-3DD4C0FB1205}.Debug|x64.Build.0 = Debug|x64
		{A2E45004-FC7F-4EE5-AB31-3DD4C0FB1205}.Debug|x86.ActiveCfg = Debug|Win32
		{A2E45004-FC7F-4EE5-AB31-3DD4C0FB1205}.Debug|x86.Build.0 = Debug|Win32
		{A2E45004-FC7F-4EE5-AB31-3DD4C0FB1205}.Release|x64.ActiveCfg = Release|x64
		{A2E45004-FC7F-4EE5-AB31-3DD4C0FB1205}.Release|x64.Build.0 = Release|x64
		{A2E45004-FC7F-4EE5-AB31-3DD4C0FB1205}.Release|x86.ActiveCfg = Release|Win32
		{A2E45004-FC7F-4EE5-AB31-3DD4C0FB1205}.Release|x86.Build.0 = Release|Win32
		{3ACC338B-D6EF-4CEE-A229-59873B18B44B}.Debug|x64.ActiveCfg = Debug|x64
		{3ACC338B-D6EF-4CEE-A229-59873B18B44B}.Debug|x64.Build.0 = Debug|x64
		{3ACC338B-D6EF-4CEE-A229-59873B18B44B}.Debug|x86.ActiveCfg = Debug|Win32
		{3ACC338B-D6EF-4CEE-A229-59873B18B44B}.Debug|x86.Build.0 = Debug|Win32
		{3ACC338B-D6EF-4CEE-A229-59873B18B44B}.Release|x64.ActiveCfg = Release|x64
		{3ACC338B-D6EF-4CEE-A229-59873B18B44B}.Release|x64.Build.0 = Release|x64
		{3ACC338B-D6EF-4CEE-A229-59873B18B44B}.Release|x86.ActiveCfg = Release|Win32
		{3ACC338B-D6EF-4CEE-A229-59873B18B44B}.Release|x86.Build.0 = Release|Win32
		{CBC619AA-65A3-4CAD-859A-ED370D466023}.Debug|x64.ActiveCfg = Debug|x64
		{CBC619AA-65A3-4CAD-859A-ED370D466023}.Debug|x64.Build.0 = Debug|x64
		{CBC619AA-65A3-4CAD-859A-ED370D466023}.Debug|x86.ActiveCfg = Debug|Win32
		{CBC619AA-65A3-4CAD-859A-ED370D466023}.Debug|x86.Build.0 = Debug|Win32
		{CBC619AA-65A3-4CAD-859A-ED370D466023}.Release|x64.ActiveCfg = Release|x64
		{CBC619AA-65A3-4CAD-859A-ED370D466023}.Release|x64.Build.0 = Release|x64
		{CBC619AA-65A3-4CAD-859A-ED370D466023}.Release|x86.ActiveCfg = Release|Win32
		{CBC619AA-65A3-4CAD-859A-ED370D466023}.Release|x86.Build.0 = Release|Win32
		{CA9391CC-83C3-4DD0-9EB8-F4D1AFE9BDCF}.Debug|x64.ActiveCfg = Debug|x64
		{CA9391CC-83C3-4DD0-9EB8-F4D1AFE9BDCF}.Debug|x64.Build.0 = Debug|x64
		{CA9391CC-83C3-4DD0-9EB8-F4D1AFE9BDCF}.Debug|x86.ActiveCfg = Debug|Win32
		{CA9391CC-83C3-4DD0-9EB8-F4D1AFE9BDCF}.Debug|x86.Build.0 = Debug|Win32
		{CA9391CC-83C3-4DD0-9EB8-F4D1AFE9BDCF}.Release|x64.ActiveCfg = Release|x64
		{CA9391CC-83C3-4DD0-9EB8-F4D1AFE9BDCF}.Release|x64.Build.0 = Release|x64
		{CA9391CC-83C3-4DD0-9EB8-F4D1AFE9BDCF}.Release|x86.ActiveCfg = Release|Win32
		{CA9391CC-83C3-4DD0-9EB8-F4D1AFE9BDCF}.Release|x86.Build.0 = Release|Win32
	EndGlobalSection
	GlobalSection(SolutionProperties) = preSolution
		HideSolutionNode = FALSE
	EndGlobalSection
	GlobalSection(NestedProjects) = preSolution
		{D190030B-20C9-4B47-8F7F-19F50852E302} = {17E70C4B-D258-4641-8C3C-3EC5A9BAA98B}
		{59BB7DE8-44E8-440E-B215-11429D400AD2} = {17E70C4B-D258-4641-8C3C-3EC5A9BAA98B}
		{CBC619AA-65A3-4CAD-859A-ED370D466023} = {17E70C4B-D258-4641-8C3C-3EC5A9BAA98B}
		{CA9391CC-83C3-4DD0-9EB8-F4D1AFE9BDCF} = {17E70C4B-D258-4641-8C3C-3EC5A9BAA98B}
	EndGlobalSection
	GlobalSection(ExtensibilityGlobals) = postSolution
		SolutionGuid = {7D516573-25EB-4EF8-8B99-A17D3B8AB425}
	EndGlobalSection
EndGlobal
